
Microsoft Visual Studio Solution File, Format Version 12.00
# Visual Studio 2015
Project("{FAE04EC0-301F-11D3-BF4B-00C04F79EFBC}") = "Airhockey.CSharp.Plugins", "Airhockey.CSharp.Plugins.csproj", "{55EAAC59-7FDD-93AD-31A1-CE9D438AD056}"
EndProject
Project("{FAE04EC0-301F-11D3-BF4B-00C04F79EFBC}") = "Airhockey.CSharp", "Airhockey.CSharp.csproj", "{B79301CC-CE1A-ABBE-B4EF-1CE290AE3DE3}"
EndProject
Project("{FAE04EC0-301F-11D3-BF4B-00C04F79EFBC}") = "Airhockey.CSharp.Editor.Plugins", "Airhockey.CSharp.Editor.Plugins.csproj", "{C6BCED49-B33F-E67C-E037-2C2F58A5E768}"
EndProject
Global
	GlobalSection(SolutionConfigurationPlatforms) = preSolution
		Debug|Any CPU = Debug|Any CPU
		Release|Any CPU = Release|Any CPU
	EndGlobalSection
	GlobalSection(ProjectConfigurationPlatforms) = postSolution
		{55EAAC59-7FDD-93AD-31A1-CE9D438AD056}.Debug|Any CPU.ActiveCfg = Debug|Any CPU
		{55EAAC59-7FDD-93AD-31A1-CE9D438AD056}.Debug|Any CPU.Build.0 = Debug|Any CPU
		{55EAAC59-7FDD-93AD-31A1-CE9D438AD056}.Release|Any CPU.ActiveCfg = Release|Any CPU
		{55EAAC59-7FDD-93AD-31A1-CE9D438AD056}.Release|Any CPU.Build.0 = Release|Any CPU
		{B79301CC-CE1A-ABBE-B4EF-1CE290AE3DE3}.Debug|Any CPU.ActiveCfg = Debug|Any CPU
		{B79301CC-CE1A-ABBE-B4EF-1CE290AE3DE3}.Debug|Any CPU.Build.0 = Debug|Any CPU
		{B79301CC-CE1A-ABBE-B4EF-1CE290AE3DE3}.Release|Any CPU.ActiveCfg = Release|Any CPU
		{B79301CC-CE1A-ABBE-B4EF-1CE290AE3DE3}.Release|Any CPU.Build.0 = Release|Any CPU
		{C6BCED49-B33F-E67C-E037-2C2F58A5E768}.Debug|Any CPU.ActiveCfg = Debug|Any CPU
		{C6BCED49-B33F-E67C-E037-2C2F58A5E768}.Debug|Any CPU.Build.0 = Debug|Any CPU
		{C6BCED49-B33F-E67C-E037-2C2F58A5E768}.Release|Any CPU.ActiveCfg = Release|Any CPU
		{C6BCED49-B33F-E67C-E037-2C2F58A5E768}.Release|Any CPU.Build.0 = Release|Any CPU
	EndGlobalSection
	GlobalSection(SolutionProperties) = preSolution
		HideSolutionNode = FALSE
	EndGlobalSection
EndGlobal
